{
  "name": "Mirror",
  "lockfileVersion": 2,
  "requires": true,
  "packages": {
    "node_modules/ctx": {
      "version": "0.3.0",
      "resolved": "https://registry.npmjs.org/ctx/-/ctx-0.3.0.tgz",
      "integrity": "sha512-ZCeCw8udLuuP3p1UGr3NQpkkEqgHv+Pbx2FhumGxEEUofV140yRsY9r5RTTZpLqmsrx2pSuPV4vQ3hOCI71OMA=="
    }
  },
  "dependencies": {
    "ctx": {
      "version": "https://registry.npmjs.org/ctx/-/ctx-0.3.0.tgz",
      "integrity": "sha512-ZCeCw8udLuuP3p1UGr3NQpkkEqgHv+Pbx2FhumGxEEUofV140yRsY9r5RTTZpLqmsrx2pSuPV4vQ3hOCI71OMA=="
    }
  }
}
